// !$*UTF8*$!
{
	archiveVersion = 1;
	classes = {
	};
	objectVersion = 48;
	objects = {

/* Begin PBXBuildFile section */
		04F9C00120D39BAA006FCF8C /* Main.storyboard in Resources */ = {isa = PBXBuildFile; fileRef = 04F9C00020D39BAA006FCF8C /* Main.storyboard */; };
		04F9C00520D3A48B006FCF8C /* ITunesPlayerViewController.swift in Sources */ = {isa = PBXBuildFile; fileRef = 04F9C00420D3A48B006FCF8C /* ITunesPlayerViewController.swift */; };
		04F9C00820D3A4A8006FCF8C /* ITunesPlayerCell.swift in Sources */ = {isa = PBXBuildFile; fileRef = 04F9C00620D3A4A8006FCF8C /* ITunesPlayerCell.swift */; };
		04F9C00920D3A4A8006FCF8C /* ITunesPlayerCell.xib in Resources */ = {isa = PBXBuildFile; fileRef = 04F9C00720D3A4A8006FCF8C /* ITunesPlayerCell.xib */; };
		08F9008F9449FEDB705386C6 /* Pods_youtube_video_downloader.framework in Frameworks */ = {isa = PBXBuildFile; fileRef = E729C25E8934FFF079408533 /* Pods_youtube_video_downloader.framework */; };
		F577B9D3203DA6E500E81FAC /* Colors.swift in Sources */ = {isa = PBXBuildFile; fileRef = F577B9D2203DA6E500E81FAC /* Colors.swift */; };
		F57BE54D2029BF8600B6F247 /* VideoCell.swift in Sources */ = {isa = PBXBuildFile; fileRef = F57BE54B2029BF8600B6F247 /* VideoCell.swift */; };
		F57BE54E2029BF8600B6F247 /* VideoCell.xib in Resources */ = {isa = PBXBuildFile; fileRef = F57BE54C2029BF8600B6F247 /* VideoCell.xib */; };
		F57BE5532029BFDB00B6F247 /* CellExt.swift in Sources */ = {isa = PBXBuildFile; fileRef = F57BE5522029BFDB00B6F247 /* CellExt.swift */; };
		F57BE5552029C04500B6F247 /* Download.swift in Sources */ = {isa = PBXBuildFile; fileRef = F57BE5542029C04500B6F247 /* Download.swift */; };
		F57BE5572029C06000B6F247 /* DownloadCenter.swift in Sources */ = {isa = PBXBuildFile; fileRef = F57BE5562029C06000B6F247 /* DownloadCenter.swift */; };
		F57BE5592029C84300B6F247 /* DetailViewController.swift in Sources */ = {isa = PBXBuildFile; fileRef = F57BE5582029C84300B6F247 /* DetailViewController.swift */; };
		F57BE55B2029C85100B6F247 /* DetailViewController.storyboard in Resources */ = {isa = PBXBuildFile; fileRef = F57BE55A2029C85100B6F247 /* DetailViewController.storyboard */; };
		F57BE55D2029C8D800B6F247 /* Video.swift in Sources */ = {isa = PBXBuildFile; fileRef = F57BE55C2029C8D800B6F247 /* Video.swift */; };
		F5D9EC212018C04500D1D69C /* HCYoutubeParser.m in Sources */ = {isa = PBXBuildFile; fileRef = F5D9EC1F2018C04500D1D69C /* HCYoutubeParser.m */; };
		F5DEC9B020134CF5005F5DE3 /* AppDelegate.swift in Sources */ = {isa = PBXBuildFile; fileRef = F5DEC9AF20134CF5005F5DE3 /* AppDelegate.swift */; };
		F5DEC9B720134CF5005F5DE3 /* Assets.xcassets in Resources */ = {isa = PBXBuildFile; fileRef = F5DEC9B620134CF5005F5DE3 /* Assets.xcassets */; };
		F5DEC9BA20134CF5005F5DE3 /* LaunchScreen.storyboard in Resources */ = {isa = PBXBuildFile; fileRef = F5DEC9B820134CF5005F5DE3 /* LaunchScreen.storyboard */; };
		F5DEC9C620134E67005F5DE3 /* MainViewController.swift in Sources */ = {isa = PBXBuildFile; fileRef = F5DEC9C520134E67005F5DE3 /* MainViewController.swift */; };
		F5DEC9C920134ECC005F5DE3 /* StoryboardList.swift in Sources */ = {isa = PBXBuildFile; fileRef = F5DEC9C820134ECC005F5DE3 /* StoryboardList.swift */; };
		F5DEC9CB20134F48005F5DE3 /* MainViewController.storyboard in Resources */ = {isa = PBXBuildFile; fileRef = F5DEC9CA20134F48005F5DE3 /* MainViewController.storyboard */; };
		F5DEC9CE20134F6B005F5DE3 /* MainNavigationController.swift in Sources */ = {isa = PBXBuildFile; fileRef = F5DEC9CD20134F6B005F5DE3 /* MainNavigationController.swift */; };
		F5DEC9D020134FE7005F5DE3 /* MainNavigationController.storyboard in Resources */ = {isa = PBXBuildFile; fileRef = F5DEC9CF20134FE7005F5DE3 /* MainNavigationController.storyboard */; };
/* End PBXBuildFile section */

/* Begin PBXFileReference section */
		04F9C00020D39BAA006FCF8C /* Main.storyboard */ = {isa = PBXFileReference; lastKnownFileType = file.storyboard; path = Main.storyboard; sourceTree = "<group>"; };
		04F9C00420D3A48B006FCF8C /* ITunesPlayerViewController.swift */ = {isa = PBXFileReference; lastKnownFileType = sourcecode.swift; path = ITunesPlayerViewController.swift; sourceTree = "<group>"; };
		04F9C00620D3A4A8006FCF8C /* ITunesPlayerCell.swift */ = {isa = PBXFileReference; lastKnownFileType = sourcecode.swift; path = ITunesPlayerCell.swift; sourceTree = "<group>"; };
		04F9C00720D3A4A8006FCF8C /* ITunesPlayerCell.xib */ = {isa = PBXFileReference; lastKnownFileType = file.xib; path = ITunesPlayerCell.xib; sourceTree = "<group>"; };
		D60FA9D2A47EC974F2C95DF8 /* Pods-youtube video downloader.release.xcconfig */ = {isa = PBXFileReference; includeInIndex = 1; lastKnownFileType = text.xcconfig; name = "Pods-youtube video downloader.release.xcconfig"; path = "Pods/Target Support Files/Pods-youtube video downloader/Pods-youtube video downloader.release.xcconfig"; sourceTree = "<group>"; };
		E41A2F0062ADB682F4107DC5 /* Pods-youtube video downloader.debug.xcconfig */ = {isa = PBXFileReference; includeInIndex = 1; lastKnownFileType = text.xcconfig; name = "Pods-youtube video downloader.debug.xcconfig"; path = "Pods/Target Support Files/Pods-youtube video downloader/Pods-youtube video downloader.debug.xcconfig"; sourceTree = "<group>"; };
		E729C25E8934FFF079408533 /* Pods_youtube_video_downloader.framework */ = {isa = PBXFileReference; explicitFileType = wrapper.framework; includeInIndex = 0; path = Pods_youtube_video_downloader.framework; sourceTree = BUILT_PRODUCTS_DIR; };
		F577B9D2203DA6E500E81FAC /* Colors.swift */ = {isa = PBXFileReference; lastKnownFileType = sourcecode.swift; path = Colors.swift; sourceTree = "<group>"; };
		F57BE54B2029BF8600B6F247 /* VideoCell.swift */ = {isa = PBXFileReference; lastKnownFileType = sourcecode.swift; path = VideoCell.swift; sourceTree = "<group>"; };
		F57BE54C2029BF8600B6F247 /* VideoCell.xib */ = {isa = PBXFileReference; lastKnownFileType = file.xib; path = VideoCell.xib; sourceTree = "<group>"; };
		F57BE5522029BFDB00B6F247 /* CellExt.swift */ = {isa = PBXFileReference; lastKnownFileType = sourcecode.swift; path = CellExt.swift; sourceTree = "<group>"; };
		F57BE5542029C04500B6F247 /* Download.swift */ = {isa = PBXFileReference; lastKnownFileType = sourcecode.swift; path = Download.swift; sourceTree = "<group>"; };
		F57BE5562029C06000B6F247 /* DownloadCenter.swift */ = {isa = PBXFileReference; lastKnownFileType = sourcecode.swift; path = DownloadCenter.swift; sourceTree = "<group>"; };
		F57BE5582029C84300B6F247 /* DetailViewController.swift */ = {isa = PBXFileReference; lastKnownFileType = sourcecode.swift; path = DetailViewController.swift; sourceTree = "<group>"; };
		F57BE55A2029C85100B6F247 /* DetailViewController.storyboard */ = {isa = PBXFileReference; lastKnownFileType = file.storyboard; path = DetailViewController.storyboard; sourceTree = "<group>"; };
		F57BE55C2029C8D800B6F247 /* Video.swift */ = {isa = PBXFileReference; lastKnownFileType = sourcecode.swift; path = Video.swift; sourceTree = "<group>"; };
		F5D9EC1E2018C04400D1D69C /* youtube video downloader-Bridging-Header.h */ = {isa = PBXFileReference; lastKnownFileType = sourcecode.c.h; path = "youtube video downloader-Bridging-Header.h"; sourceTree = "<group>"; };
		F5D9EC1F2018C04500D1D69C /* HCYoutubeParser.m */ = {isa = PBXFileReference; fileEncoding = 4; lastKnownFileType = sourcecode.c.objc; path = HCYoutubeParser.m; sourceTree = "<group>"; };
		F5D9EC202018C04500D1D69C /* HCYoutubeParser.h */ = {isa = PBXFileReference; fileEncoding = 4; lastKnownFileType = sourcecode.c.h; path = HCYoutubeParser.h; sourceTree = "<group>"; };
		F5DEC9AC20134CF5005F5DE3 /* youtube video downloader.app */ = {isa = PBXFileReference; explicitFileType = wrapper.application; includeInIndex = 0; path = "youtube video downloader.app"; sourceTree = BUILT_PRODUCTS_DIR; };
		F5DEC9AF20134CF5005F5DE3 /* AppDelegate.swift */ = {isa = PBXFileReference; lastKnownFileType = sourcecode.swift; path = AppDelegate.swift; sourceTree = "<group>"; };
		F5DEC9B620134CF5005F5DE3 /* Assets.xcassets */ = {isa = PBXFileReference; lastKnownFileType = folder.assetcatalog; path = Assets.xcassets; sourceTree = "<group>"; };
		F5DEC9B920134CF5005F5DE3 /* Base */ = {isa = PBXFileReference; lastKnownFileType = file.storyboard; name = Base; path = Base.lproj/LaunchScreen.storyboard; sourceTree = "<group>"; };
		F5DEC9BB20134CF5005F5DE3 /* Info.plist */ = {isa = PBXFileReference; lastKnownFileType = text.plist.xml; path = Info.plist; sourceTree = "<group>"; };
		F5DEC9C520134E67005F5DE3 /* MainViewController.swift */ = {isa = PBXFileReference; lastKnownFileType = sourcecode.swift; path = MainViewController.swift; sourceTree = "<group>"; };
		F5DEC9C820134ECC005F5DE3 /* StoryboardList.swift */ = {isa = PBXFileReference; lastKnownFileType = sourcecode.swift; path = StoryboardList.swift; sourceTree = "<group>"; };
		F5DEC9CA20134F48005F5DE3 /* MainViewController.storyboard */ = {isa = PBXFileReference; lastKnownFileType = file.storyboard; path = MainViewController.storyboard; sourceTree = "<group>"; };
		F5DEC9CD20134F6B005F5DE3 /* MainNavigationController.swift */ = {isa = PBXFileReference; lastKnownFileType = sourcecode.swift; path = MainNavigationController.swift; sourceTree = "<group>"; };
		F5DEC9CF20134FE7005F5DE3 /* MainNavigationController.storyboard */ = {isa = PBXFileReference; lastKnownFileType = file.storyboard; path = MainNavigationController.storyboard; sourceTree = "<group>"; };
/* End PBXFileReference section */

/* Begin PBXFrameworksBuildPhase section */
		F5DEC9A920134CF5005F5DE3 /* Frameworks */ = {
			isa = PBXFrameworksBuildPhase;
			buildActionMask = 2147483647;
			files = (
				08F9008F9449FEDB705386C6 /* Pods_youtube_video_downloader.framework in Frameworks */,
			);
			runOnlyForDeploymentPostprocessing = 0;
		};
/* End PBXFrameworksBuildPhase section */

/* Begin PBXGroup section */
		041414C8B45F275A8C5FC890 /* Pods */ = {
			isa = PBXGroup;
			children = (
				E41A2F0062ADB682F4107DC5 /* Pods-youtube video downloader.debug.xcconfig */,
				D60FA9D2A47EC974F2C95DF8 /* Pods-youtube video downloader.release.xcconfig */,
			);
			name = Pods;
			sourceTree = "<group>";
		};
		04F9C00220D3A402006FCF8C /* cell */ = {
			isa = PBXGroup;
			children = (
				04F9C00620D3A4A8006FCF8C /* ITunesPlayerCell.swift */,
				04F9C00720D3A4A8006FCF8C /* ITunesPlayerCell.xib */,
			);
			path = cell;
			sourceTree = "<group>";
		};
		04F9C00320D3A436006FCF8C /* view controllers */ = {
			isa = PBXGroup;
			children = (
				04F9C00420D3A48B006FCF8C /* ITunesPlayerViewController.swift */,
			);
			path = "view controllers";
			sourceTree = "<group>";
		};
		979BA64F5D7C1D9AEF80B308 /* Frameworks */ = {
			isa = PBXGroup;
			children = (
				E729C25E8934FFF079408533 /* Pods_youtube_video_downloader.framework */,
			);
			name = Frameworks;
			sourceTree = "<group>";
		};
		F57BE54A2029BF6300B6F247 /* cell */ = {
			isa = PBXGroup;
			children = (
				F57BE54B2029BF8600B6F247 /* VideoCell.swift */,
				F57BE54C2029BF8600B6F247 /* VideoCell.xib */,
			);
			path = cell;
			sourceTree = "<group>";
		};
		F57BE54F2029BFA400B6F247 /* downloader */ = {
			isa = PBXGroup;
			children = (
				F57BE5562029C06000B6F247 /* DownloadCenter.swift */,
				F57BE5542029C04500B6F247 /* Download.swift */,
			);
			path = downloader;
			sourceTree = "<group>";
		};
		F57BE5502029BFB000B6F247 /* developer */ = {
			isa = PBXGroup;
			children = (
				F57BE5512029BFC900B6F247 /* extensions */,
			);
			path = developer;
			sourceTree = "<group>";
		};
		F57BE5512029BFC900B6F247 /* extensions */ = {
			isa = PBXGroup;
			children = (
				F57BE5522029BFDB00B6F247 /* CellExt.swift */,
			);
			path = extensions;
			sourceTree = "<group>";
		};
		F5D9EC1D2018C02E00D1D69C /* youtube parser */ = {
			isa = PBXGroup;
			children = (
				F5D9EC202018C04500D1D69C /* HCYoutubeParser.h */,
				F5D9EC1F2018C04500D1D69C /* HCYoutubeParser.m */,
				F5D9EC1E2018C04400D1D69C /* youtube video downloader-Bridging-Header.h */,
			);
			path = "youtube parser";
			sourceTree = "<group>";
		};
		F5DEC9A320134CF5005F5DE3 = {
			isa = PBXGroup;
			children = (
				F5DEC9AE20134CF5005F5DE3 /* youtube video downloader */,
				F5DEC9AD20134CF5005F5DE3 /* Products */,
				041414C8B45F275A8C5FC890 /* Pods */,
				979BA64F5D7C1D9AEF80B308 /* Frameworks */,
			);
			sourceTree = "<group>";
		};
		F5DEC9AD20134CF5005F5DE3 /* Products */ = {
			isa = PBXGroup;
			children = (
				F5DEC9AC20134CF5005F5DE3 /* youtube video downloader.app */,
			);
			name = Products;
			sourceTree = "<group>";
		};
		F5DEC9AE20134CF5005F5DE3 /* youtube video downloader */ = {
			isa = PBXGroup;
			children = (
				04F9C00320D3A436006FCF8C /* view controllers */,
				04F9C00220D3A402006FCF8C /* cell */,
				F57BE5502029BFB000B6F247 /* developer */,
				F5D9EC1D2018C02E00D1D69C /* youtube parser */,
				F5DEC9C220134E28005F5DE3 /* model */,
				F5DEC9C120134E21005F5DE3 /* ui */,
				F5DEC9AF20134CF5005F5DE3 /* AppDelegate.swift */,
				F5DEC9B620134CF5005F5DE3 /* Assets.xcassets */,
				F5DEC9B820134CF5005F5DE3 /* LaunchScreen.storyboard */,
				F5DEC9BB20134CF5005F5DE3 /* Info.plist */,
				04F9C00020D39BAA006FCF8C /* Main.storyboard */,
			);
			path = "youtube video downloader";
			sourceTree = "<group>";
		};
		F5DEC9C120134E21005F5DE3 /* ui */ = {
			isa = PBXGroup;
			children = (
				F5DEC9CC20134F4F005F5DE3 /* navigation */,
				F5DEC9C720134E8D005F5DE3 /* common */,
				F5DEC9C420134E3B005F5DE3 /* detail */,
				F5DEC9C320134E34005F5DE3 /* main */,
			);
			path = ui;
			sourceTree = "<group>";
		};
		F5DEC9C220134E28005F5DE3 /* model */ = {
			isa = PBXGroup;
			children = (
				F57BE54F2029BFA400B6F247 /* downloader */,
				F57BE55C2029C8D800B6F247 /* Video.swift */,
			);
			path = model;
			sourceTree = "<group>";
		};
		F5DEC9C320134E34005F5DE3 /* main */ = {
			isa = PBXGroup;
			children = (
				F57BE54A2029BF6300B6F247 /* cell */,
				F5DEC9C520134E67005F5DE3 /* MainViewController.swift */,
				F5DEC9CA20134F48005F5DE3 /* MainViewController.storyboard */,
			);
			path = main;
			sourceTree = "<group>";
		};
		F5DEC9C420134E3B005F5DE3 /* detail */ = {
			isa = PBXGroup;
			children = (
				F57BE5582029C84300B6F247 /* DetailViewController.swift */,
				F57BE55A2029C85100B6F247 /* DetailViewController.storyboard */,
			);
			path = detail;
			sourceTree = "<group>";
		};
		F5DEC9C720134E8D005F5DE3 /* common */ = {
			isa = PBXGroup;
			children = (
				F5DEC9C820134ECC005F5DE3 /* StoryboardList.swift */,
				F577B9D2203DA6E500E81FAC /* Colors.swift */,
			);
			path = common;
			sourceTree = "<group>";
		};
		F5DEC9CC20134F4F005F5DE3 /* navigation */ = {
			isa = PBXGroup;
			children = (
				F5DEC9CD20134F6B005F5DE3 /* MainNavigationController.swift */,
				F5DEC9CF20134FE7005F5DE3 /* MainNavigationController.storyboard */,
			);
			path = navigation;
			sourceTree = "<group>";
		};
/* End PBXGroup section */

/* Begin PBXNativeTarget section */
		F5DEC9AB20134CF5005F5DE3 /* youtube video downloader */ = {
			isa = PBXNativeTarget;
			buildConfigurationList = F5DEC9BE20134CF5005F5DE3 /* Build configuration list for PBXNativeTarget "youtube video downloader" */;
			buildPhases = (
				49C04098C4FA9F62B7FEDD99 /* [CP] Check Pods Manifest.lock */,
				F5DEC9A820134CF5005F5DE3 /* Sources */,
				F5DEC9A920134CF5005F5DE3 /* Frameworks */,
				F5DEC9AA20134CF5005F5DE3 /* Resources */,
				CDF293DCF53E6E55FB0A5F8F /* [CP] Embed Pods Frameworks */,
			);
			buildRules = (
			);
			dependencies = (
			);
			name = "youtube video downloader";
			productName = "youtube video downloader";
			productReference = F5DEC9AC20134CF5005F5DE3 /* youtube video downloader.app */;
			productType = "com.apple.product-type.application";
		};
/* End PBXNativeTarget section */

/* Begin PBXProject section */
		F5DEC9A420134CF5005F5DE3 /* Project object */ = {
			isa = PBXProject;
			attributes = {
				LastSwiftUpdateCheck = 0920;
				LastUpgradeCheck = 0920;
				ORGANIZATIONNAME = Vlad;
				TargetAttributes = {
					F5DEC9AB20134CF5005F5DE3 = {
						CreatedOnToolsVersion = 9.2;
						LastSwiftMigration = 0920;
						ProvisioningStyle = Automatic;
					};
				};
			};
			buildConfigurationList = F5DEC9A720134CF5005F5DE3 /* Build configuration list for PBXProject "youtube video downloader" */;
			compatibilityVersion = "Xcode 8.0";
			developmentRegion = en;
			hasScannedForEncodings = 0;
			knownRegions = (
				en,
				Base,
			);
			mainGroup = F5DEC9A320134CF5005F5DE3;
			productRefGroup = F5DEC9AD20134CF5005F5DE3 /* Products */;
			projectDirPath = "";
			projectRoot = "";
			targets = (
				F5DEC9AB20134CF5005F5DE3 /* youtube video downloader */,
			);
		};
/* End PBXProject section */

/* Begin PBXResourcesBuildPhase section */
		F5DEC9AA20134CF5005F5DE3 /* Resources */ = {
			isa = PBXResourcesBuildPhase;
			buildActionMask = 2147483647;
			files = (
				04F9C00120D39BAA006FCF8C /* Main.storyboard in Resources */,
				F57BE54E2029BF8600B6F247 /* VideoCell.xib in Resources */,
				04F9C00920D3A4A8006FCF8C /* ITunesPlayerCell.xib in Resources */,
				F5DEC9BA20134CF5005F5DE3 /* LaunchScreen.storyboard in Resources */,
				F5DEC9CB20134F48005F5DE3 /* MainViewController.storyboard in Resources */,
				F5DEC9B720134CF5005F5DE3 /* Assets.xcassets in Resources */,
				F57BE55B2029C85100B6F247 /* DetailViewController.storyboard in Resources */,
				F5DEC9D020134FE7005F5DE3 /* MainNavigationController.storyboard in Resources */,
			);
			runOnlyForDeploymentPostprocessing = 0;
		};
/* End PBXResourcesBuildPhase section */

/* Begin PBXShellScriptBuildPhase section */
		49C04098C4FA9F62B7FEDD99 /* [CP] Check Pods Manifest.lock */ = {
			isa = PBXShellScriptBuildPhase;
			buildActionMask = 2147483647;
			files = (
			);
			inputPaths = (
				"${PODS_PODFILE_DIR_PATH}/Podfile.lock",
				"${PODS_ROOT}/Manifest.lock",
			);
			name = "[CP] Check Pods Manifest.lock";
			outputPaths = (
				"$(DERIVED_FILE_DIR)/Pods-youtube video downloader-checkManifestLockResult.txt",
			);
			runOnlyForDeploymentPostprocessing = 0;
			shellPath = /bin/sh;
			shellScript = "diff \"${PODS_PODFILE_DIR_PATH}/Podfile.lock\" \"${PODS_ROOT}/Manifest.lock\" > /dev/null\nif [ $? != 0 ] ; then\n    # print error to STDERR\n    echo \"error: The sandbox is not in sync with the Podfile.lock. Run 'pod install' or update your CocoaPods installation.\" >&2\n    exit 1\nfi\n# This output is used by Xcode 'outputs' to avoid re-running this script phase.\necho \"SUCCESS\" > \"${SCRIPT_OUTPUT_FILE_0}\"\n";
			showEnvVarsInLog = 0;
		};
		CDF293DCF53E6E55FB0A5F8F /* [CP] Embed Pods Frameworks */ = {
			isa = PBXShellScriptBuildPhase;
			buildActionMask = 2147483647;
			files = (
			);
			inputPaths = (
				"${SRCROOT}/Pods/Target Support Files/Pods-youtube video downloader/Pods-youtube video downloader-frameworks.sh",
				"${BUILT_PRODUCTS_DIR}/DownloadButton/DownloadButton.framework",
				"${BUILT_PRODUCTS_DIR}/Realm/Realm.framework",
				"${BUILT_PRODUCTS_DIR}/RealmSwift/RealmSwift.framework",
				"${BUILT_PRODUCTS_DIR}/SDWebImage/SDWebImage.framework",
				"${BUILT_PRODUCTS_DIR}/SwiftyBeaver/SwiftyBeaver.framework",
			);
			name = "[CP] Embed Pods Frameworks";
			outputPaths = (
				"${TARGET_BUILD_DIR}/${FRAMEWORKS_FOLDER_PATH}/DownloadButton.framework",
				"${TARGET_BUILD_DIR}/${FRAMEWORKS_FOLDER_PATH}/Realm.framework",
				"${TARGET_BUILD_DIR}/${FRAMEWORKS_FOLDER_PATH}/RealmSwift.framework",
				"${TARGET_BUILD_DIR}/${FRAMEWORKS_FOLDER_PATH}/SDWebImage.framework",
				"${TARGET_BUILD_DIR}/${FRAMEWORKS_FOLDER_PATH}/SwiftyBeaver.framework",
			);
			runOnlyForDeploymentPostprocessing = 0;
			shellPath = /bin/sh;
			shellScript = "\"${SRCROOT}/Pods/Target Support Files/Pods-youtube video downloader/Pods-youtube video downloader-frameworks.sh\"\n";
			showEnvVarsInLog = 0;
		};
/* End PBXShellScriptBuildPhase section */

/* Begin PBXSourcesBuildPhase section */
		F5DEC9A820134CF5005F5DE3 /* Sources */ = {
			isa = PBXSourcesBuildPhase;
			buildActionMask = 2147483647;
			files = (
				F5DEC9C920134ECC005F5DE3 /* StoryboardList.swift in Sources */,
				04F9C00520D3A48B006FCF8C /* ITunesPlayerViewController.swift in Sources */,
				04F9C00820D3A4A8006FCF8C /* ITunesPlayerCell.swift in Sources */,
				F577B9D3203DA6E500E81FAC /* Colors.swift in Sources */,
				F57BE5552029C04500B6F247 /* Download.swift in Sources */,
				F5DEC9B020134CF5005F5DE3 /* AppDelegate.swift in Sources */,
				F5DEC9CE20134F6B005F5DE3 /* MainNavigationController.swift in Sources */,
				F57BE5532029BFDB00B6F247 /* CellExt.swift in Sources */,
				F5D9EC212018C04500D1D69C /* HCYoutubeParser.m in Sources */,
				F57BE5572029C06000B6F247 /* DownloadCenter.swift in Sources */,
				F57BE55D2029C8D800B6F247 /* Video.swift in Sources */,
				F57BE5592029C84300B6F247 /* DetailViewController.swift in Sources */,
				F5DEC9C620134E67005F5DE3 /* MainViewController.swift in Sources */,
				F57BE54D2029BF8600B6F247 /* VideoCell.swift in Sources */,
			);
			runOnlyForDeploymentPostprocessing = 0;
		};
/* End PBXSourcesBuildPhase section */

/* Begin PBXVariantGroup section */
		F5DEC9B820134CF5005F5DE3 /* LaunchScreen.storyboard */ = {
			isa = PBXVariantGroup;
			children = (
				F5DEC9B920134CF5005F5DE3 /* Base */,
			);
			name = LaunchScreen.storyboard;
			sourceTree = "<group>";
		};
/* End PBXVariantGroup section */

/* Begin XCBuildConfiguration section */
		F5DEC9BC20134CF5005F5DE3 /* Debug */ = {
			isa = XCBuildConfiguration;
			buildSettings = {
				ALWAYS_SEARCH_USER_PATHS = NO;
				CLANG_ANALYZER_NONNULL = YES;
				CLANG_ANALYZER_NUMBER_OBJECT_CONVERSION = YES_AGGRESSIVE;
				CLANG_CXX_LANGUAGE_STANDARD = "gnu++14";
				CLANG_CXX_LIBRARY = "libc++";
				CLANG_ENABLE_MODULES = YES;
				CLANG_ENABLE_OBJC_ARC = YES;
				CLANG_WARN_BLOCK_CAPTURE_AUTORELEASING = YES;
				CLANG_WARN_BOOL_CONVERSION = YES;
				CLANG_WARN_COMMA = YES;
				CLANG_WARN_CONSTANT_CONVERSION = YES;
				CLANG_WARN_DIRECT_OBJC_ISA_USAGE = YES_ERROR;
				CLANG_WARN_DOCUMENTATION_COMMENTS = YES;
				CLANG_WARN_EMPTY_BODY = YES;
				CLANG_WARN_ENUM_CONVERSION = YES;
				CLANG_WARN_INFINITE_RECURSION = YES;
				CLANG_WARN_INT_CONVERSION = YES;
				CLANG_WARN_NON_LITERAL_NULL_CONVERSION = YES;
				CLANG_WARN_OBJC_LITERAL_CONVERSION = YES;
				CLANG_WARN_OBJC_ROOT_CLASS = YES_ERROR;
				CLANG_WARN_RANGE_LOOP_ANALYSIS = YES;
				CLANG_WARN_STRICT_PROTOTYPES = YES;
				CLANG_WARN_SUSPICIOUS_MOVE = YES;
				CLANG_WARN_UNGUARDED_AVAILABILITY = YES_AGGRESSIVE;
				CLANG_WARN_UNREACHABLE_CODE = YES;
				CLANG_WARN__DUPLICATE_METHOD_MATCH = YES;
				CODE_SIGN_IDENTITY = "iPhone Developer";
				COPY_PHASE_STRIP = NO;
				DEBUG_INFORMATION_FORMAT = dwarf;
				ENABLE_STRICT_OBJC_MSGSEND = YES;
				ENABLE_TESTABILITY = YES;
				GCC_C_LANGUAGE_STANDARD = gnu11;
				GCC_DYNAMIC_NO_PIC = NO;
				GCC_NO_COMMON_BLOCKS = YES;
				GCC_OPTIMIZATION_LEVEL = 0;
				GCC_PREPROCESSOR_DEFINITIONS = (
					"DEBUG=1",
					"$(inherited)",
				);
				GCC_WARN_64_TO_32_BIT_CONVERSION = YES;
				GCC_WARN_ABOUT_RETURN_TYPE = YES_ERROR;
				GCC_WARN_UNDECLARED_SELECTOR = YES;
				GCC_WARN_UNINITIALIZED_AUTOS = YES_AGGRESSIVE;
				GCC_WARN_UNUSED_FUNCTION = YES;
				GCC_WARN_UNUSED_VARIABLE = YES;
				IPHONEOS_DEPLOYMENT_TARGET = 11.2;
				MTL_ENABLE_DEBUG_INFO = YES;
				ONLY_ACTIVE_ARCH = YES;
				SDKROOT = iphoneos;
				SWIFT_ACTIVE_COMPILATION_CONDITIONS = DEBUG;
				SWIFT_OPTIMIZATION_LEVEL = "-Onone";
			};
			name = Debug;
		};
		F5DEC9BD20134CF5005F5DE3 /* Release */ = {
			isa = XCBuildConfiguration;
			buildSettings = {
				ALWAYS_SEARCH_USER_PATHS = NO;
				CLANG_ANALYZER_NONNULL = YES;
				CLANG_ANALYZER_NUMBER_OBJECT_CONVERSION = YES_AGGRESSIVE;
				CLANG_CXX_LANGUAGE_STANDARD = "gnu++14";
				CLANG_CXX_LIBRARY = "libc++";
				CLANG_ENABLE_MODULES = YES;
				CLANG_ENABLE_OBJC_ARC = YES;
				CLANG_WARN_BLOCK_CAPTURE_AUTORELEASING = YES;
				CLANG_WARN_BOOL_CONVERSION = YES;
				CLANG_WARN_COMMA = YES;
				CLANG_WARN_CONSTANT_CONVERSION = YES;
				CLANG_WARN_DIRECT_OBJC_ISA_USAGE = YES_ERROR;
				CLANG_WARN_DOCUMENTATION_COMMENTS = YES;
				CLANG_WARN_EMPTY_BODY = YES;
				CLANG_WARN_ENUM_CONVERSION = YES;
				CLANG_WARN_INFINITE_RECURSION = YES;
				CLANG_WARN_INT_CONVERSION = YES;
				CLANG_WARN_NON_LITERAL_NULL_CONVERSION = YES;
				CLANG_WARN_OBJC_LITERAL_CONVERSION = YES;
				CLANG_WARN_OBJC_ROOT_CLASS = YES_ERROR;
				CLANG_WARN_RANGE_LOOP_ANALYSIS = YES;
				CLANG_WARN_STRICT_PROTOTYPES = YES;
				CLANG_WARN_SUSPICIOUS_MOVE = YES;
				CLANG_WARN_UNGUARDED_AVAILABILITY = YES_AGGRESSIVE;
				CLANG_WARN_UNREACHABLE_CODE = YES;
				CLANG_WARN__DUPLICATE_METHOD_MATCH = YES;
				CODE_SIGN_IDENTITY = "iPhone Developer";
				COPY_PHASE_STRIP = NO;
				DEBUG_INFORMATION_FORMAT = "dwarf-with-dsym";
				ENABLE_NS_ASSERTIONS = NO;
				ENABLE_STRICT_OBJC_MSGSEND = YES;
				GCC_C_LANGUAGE_STANDARD = gnu11;
				GCC_NO_COMMON_BLOCKS = YES;
				GCC_WARN_64_TO_32_BIT_CONVERSION = YES;
				GCC_WARN_ABOUT_RETURN_TYPE = YES_ERROR;
				GCC_WARN_UNDECLARED_SELECTOR = YES;
				GCC_WARN_UNINITIALIZED_AUTOS = YES_AGGRESSIVE;
				GCC_WARN_UNUSED_FUNCTION = YES;
				GCC_WARN_UNUSED_VARIABLE = YES;
				IPHONEOS_DEPLOYMENT_TARGET = 11.2;
				MTL_ENABLE_DEBUG_INFO = NO;
				SDKROOT = iphoneos;
				SWIFT_OPTIMIZATION_LEVEL = "-Owholemodule";
				VALIDATE_PRODUCT = YES;
			};
			name = Release;
		};
		F5DEC9BF20134CF5005F5DE3 /* Debug */ = {
			isa = XCBuildConfiguration;
			baseConfigurationReference = E41A2F0062ADB682F4107DC5 /* Pods-youtube video downloader.debug.xcconfig */;
			buildSettings = {
				ASSETCATALOG_COMPILER_APPICON_NAME = AppIcon;
				CLANG_ENABLE_MODULES = YES;
				CODE_SIGN_STYLE = Automatic;
				DEVELOPMENT_TEAM = J57LR5C228;
				INFOPLIST_FILE = "youtube video downloader/Info.plist";
				LD_RUNPATH_SEARCH_PATHS = "$(inherited) @executable_path/Frameworks";
				PRODUCT_BUNDLE_IDENTIFIER = "md.youtube-video-downloader";
				PRODUCT_NAME = "$(TARGET_NAME)";
				SWIFT_OBJC_BRIDGING_HEADER = "youtube video downloader/youtube parser/youtube video downloader-Bridging-Header.h";
				SWIFT_OPTIMIZATION_LEVEL = "-Onone";
				SWIFT_VERSION = 4.0;
				TARGETED_DEVICE_FAMILY = "1,2";
			};
			name = Debug;
		};
		F5DEC9C020134CF5005F5DE3 /* Release */ = {
			isa = XCBuildConfiguration;
			baseConfigurationReference = D60FA9D2A47EC974F2C95DF8 /* Pods-youtube video downloader.release.xcconfig */;
			buildSettings = {
				ASSETCATALOG_COMPILER_APPICON_NAME = AppIcon;
				CLANG_ENABLE_MODULES = YES;
				CODE_SIGN_STYLE = Automatic;
				DEVELOPMENT_TEAM = J57LR5C228;
				INFOPLIST_FILE = "youtube video downloader/Info.plist";
				LD_RUNPATH_SEARCH_PATHS = "$(inherited) @executable_path/Frameworks";
				PRODUCT_BUNDLE_IDENTIFIER = "md.youtube-video-downloader";
				PRODUCT_NAME = "$(TARGET_NAME)";
				SWIFT_OBJC_BRIDGING_HEADER = "youtube video downloader/youtube parser/youtube video downloader-Bridging-Header.h";
				SWIFT_VERSION = 4.0;
				TARGETED_DEVICE_FAMILY = "1,2";
			};
			name = Release;
		};
/* End XCBuildConfiguration section */

/* Begin XCConfigurationList section */
		F5DEC9A720134CF5005F5DE3 /* Build configuration list for PBXProject "youtube video downloader" */ = {
			isa = XCConfigurationList;
			buildConfigurations = (
				F5DEC9BC20134CF5005F5DE3 /* Debug */,
				F5DEC9BD20134CF5005F5DE3 /* Release */,
			);
			defaultConfigurationIsVisible = 0;
			defaultConfigurationName = Release;
		};
		F5DEC9BE20134CF5005F5DE3 /* Build configuration list for PBXNativeTarget "youtube video downloader" */ = {
			isa = XCConfigurationList;
			buildConfigurations = (
				F5DEC9BF20134CF5005F5DE3 /* Debug */,
				F5DEC9C020134CF5005F5DE3 /* Release */,
			);
			defaultConfigurationIsVisible = 0;
			defaultConfigurationName = Release;
		};
/* End XCConfigurationList section */
	};
	rootObject = F5DEC9A420134CF5005F5DE3 /* Project object */;
}
